
Microsoft Visual Studio Solution File, Format Version 12.00
# Visual Studio Version 16
VisualStudioVersion = 16.0.30320.27
MinimumVisualStudioVersion = 10.0.40219.1
Project("{FAE04EC0-301F-11D3-BF4B-00C04F79EFBC}") = "MH", "MH\MH.csproj", "{DD0F6D3B-C0D6-4E3B-99EC-238995E9D8F9}"
EndProject
Global
	GlobalSection(SolutionConfigurationPlatforms) = preSolution
		Debug|Any CPU = Debug|Any CPU
		Debug|x64 = Debug|x64
		Release|Any CPU = Release|Any CPU
		Release|x64 = Release|x64
	EndGlobalSection
	GlobalSection(ProjectConfigurationPlatforms) = postSolution
		{DD0F6D3B-C0D6-4E3B-99EC-238995E9D8F9}.Debug|Any CPU.ActiveCfg = Debug|Any CPU
		{DD0F6D3B-C0D6-4E3B-99EC-238995E9D8F9}.Debug|Any CPU.Build.0 = Debug|Any CPU
		{DD0F6D3B-C0D6-4E3B-99EC-238995E9D8F9}.Debug|x64.ActiveCfg = Debug|x64
		{DD0F6D3B-C0D6-4E3B-99EC-238995E9D8F9}.Debug|x64.Build.0 = Debug|x64
		{DD0F6D3B-C0D6-4E3B-99EC-238995E9D8F9}.Release|Any CPU.ActiveCfg = Release|Any CPU
		{DD0F6D3B-C0D6-4E3B-99EC-238995E9D8F9}.Release|Any CPU.Build.0 = Release|Any CPU
		{DD0F6D3B-C0D6-4E3B-99EC-238995E9D8F9}.Release|x64.ActiveCfg = Release|x64
		{DD0F6D3B-C0D6-4E3B-99EC-238995E9D8F9}.Release|x64.Build.0 = Release|x64
	EndGlobalSection
	GlobalSection(SolutionProperties) = preSolution
		HideSolutionNode = FALSE
	EndGlobalSection
	GlobalSection(ExtensibilityGlobals) = postSolution
		SolutionGuid = {EFBEF4C0-ED1E-4ED7-B71F-5AD292364FB1}
	EndGlobalSection
EndGlobal
