
Microsoft Visual Studio Solution File, Format Version 12.00
# Visual Studio Version 16
VisualStudioVersion = 16.0.30320.27
MinimumVisualStudioVersion = 10.0.40219.1
Project("{FAE04EC0-301F-11D3-BF4B-00C04F79EFBC}") = "MD", "MD\MD.csproj", "{4DA55335-5AE5-44B2-BE56-98CB3DDDDA50}"
EndProject
Global
	GlobalSection(SolutionConfigurationPlatforms) = preSolution
		Debug|Any CPU = Debug|Any CPU
		Debug|x64 = Debug|x64
		Release|Any CPU = Release|Any CPU
		Release|x64 = Release|x64
	EndGlobalSection
	GlobalSection(ProjectConfigurationPlatforms) = postSolution
		{4DA55335-5AE5-44B2-BE56-98CB3DDDDA50}.Debug|Any CPU.ActiveCfg = Debug|Any CPU
		{4DA55335-5AE5-44B2-BE56-98CB3DDDDA50}.Debug|Any CPU.Build.0 = Debug|Any CPU
		{4DA55335-5AE5-44B2-BE56-98CB3DDDDA50}.Debug|x64.ActiveCfg = Debug|x64
		{4DA55335-5AE5-44B2-BE56-98CB3DDDDA50}.Debug|x64.Build.0 = Debug|x64
		{4DA55335-5AE5-44B2-BE56-98CB3DDDDA50}.Release|Any CPU.ActiveCfg = Release|Any CPU
		{4DA55335-5AE5-44B2-BE56-98CB3DDDDA50}.Release|Any CPU.Build.0 = Release|Any CPU
		{4DA55335-5AE5-44B2-BE56-98CB3DDDDA50}.Release|x64.ActiveCfg = Release|x64
		{4DA55335-5AE5-44B2-BE56-98CB3DDDDA50}.Release|x64.Build.0 = Release|x64
	EndGlobalSection
	GlobalSection(SolutionProperties) = preSolution
		HideSolutionNode = FALSE
	EndGlobalSection
	GlobalSection(ExtensibilityGlobals) = postSolution
		SolutionGuid = {DAB731EB-7AA2-464C-AAFE-6CA21B30BB8E}
	EndGlobalSection
EndGlobal
