
Microsoft Visual Studio Solution File, Format Version 12.00
# Visual Studio Version 16
VisualStudioVersion = 16.0.30320.27
MinimumVisualStudioVersion = 10.0.40219.1
Project("{FAE04EC0-301F-11D3-BF4B-00C04F79EFBC}") = "CARET_COLOR", "CARET_COLOR\CARET_COLOR.csproj", "{517A81B3-A8A5-4D4C-A2DE-169C98F9B745}"
EndProject
Global
	GlobalSection(SolutionConfigurationPlatforms) = preSolution
		Debug|Any CPU = Debug|Any CPU
		Debug|x64 = Debug|x64
		Release|Any CPU = Release|Any CPU
		Release|x64 = Release|x64
	EndGlobalSection
	GlobalSection(ProjectConfigurationPlatforms) = postSolution
		{517A81B3-A8A5-4D4C-A2DE-169C98F9B745}.Debug|Any CPU.ActiveCfg = Debug|Any CPU
		{517A81B3-A8A5-4D4C-A2DE-169C98F9B745}.Debug|Any CPU.Build.0 = Debug|Any CPU
		{517A81B3-A8A5-4D4C-A2DE-169C98F9B745}.Debug|x64.ActiveCfg = Debug|x64
		{517A81B3-A8A5-4D4C-A2DE-169C98F9B745}.Debug|x64.Build.0 = Debug|x64
		{517A81B3-A8A5-4D4C-A2DE-169C98F9B745}.Release|Any CPU.ActiveCfg = Release|Any CPU
		{517A81B3-A8A5-4D4C-A2DE-169C98F9B745}.Release|Any CPU.Build.0 = Release|Any CPU
		{517A81B3-A8A5-4D4C-A2DE-169C98F9B745}.Release|x64.ActiveCfg = Release|x64
		{517A81B3-A8A5-4D4C-A2DE-169C98F9B745}.Release|x64.Build.0 = Release|x64
	EndGlobalSection
	GlobalSection(SolutionProperties) = preSolution
		HideSolutionNode = FALSE
	EndGlobalSection
	GlobalSection(ExtensibilityGlobals) = postSolution
		SolutionGuid = {C408B136-668D-4BFA-AB82-3E444B866F05}
	EndGlobalSection
EndGlobal
