
Microsoft Visual Studio Solution File, Format Version 12.00
# Visual Studio Version 16
VisualStudioVersion = 16.0.30320.27
MinimumVisualStudioVersion = 10.0.40219.1
Project("{FAE04EC0-301F-11D3-BF4B-00C04F79EFBC}") = "PING", "PING\PING.csproj", "{9E9F1482-1A7C-4952-AA75-32CAB993A669}"
EndProject
Global
	GlobalSection(SolutionConfigurationPlatforms) = preSolution
		Debug|Any CPU = Debug|Any CPU
		Debug|x64 = Debug|x64
		Release|Any CPU = Release|Any CPU
		Release|x64 = Release|x64
	EndGlobalSection
	GlobalSection(ProjectConfigurationPlatforms) = postSolution
		{9E9F1482-1A7C-4952-AA75-32CAB993A669}.Debug|Any CPU.ActiveCfg = Debug|Any CPU
		{9E9F1482-1A7C-4952-AA75-32CAB993A669}.Debug|Any CPU.Build.0 = Debug|Any CPU
		{9E9F1482-1A7C-4952-AA75-32CAB993A669}.Debug|x64.ActiveCfg = Debug|x64
		{9E9F1482-1A7C-4952-AA75-32CAB993A669}.Debug|x64.Build.0 = Debug|x64
		{9E9F1482-1A7C-4952-AA75-32CAB993A669}.Release|Any CPU.ActiveCfg = Release|Any CPU
		{9E9F1482-1A7C-4952-AA75-32CAB993A669}.Release|Any CPU.Build.0 = Release|Any CPU
		{9E9F1482-1A7C-4952-AA75-32CAB993A669}.Release|x64.ActiveCfg = Release|x64
		{9E9F1482-1A7C-4952-AA75-32CAB993A669}.Release|x64.Build.0 = Release|x64
	EndGlobalSection
	GlobalSection(SolutionProperties) = preSolution
		HideSolutionNode = FALSE
	EndGlobalSection
	GlobalSection(ExtensibilityGlobals) = postSolution
		SolutionGuid = {E4DCECEE-F052-41A8-9608-A0D9C6C5EF1F}
	EndGlobalSection
EndGlobal
