
Microsoft Visual Studio Solution File, Format Version 12.00
# Visual Studio Version 16
VisualStudioVersion = 16.0.30320.27
MinimumVisualStudioVersion = 10.0.40219.1
Project("{FAE04EC0-301F-11D3-BF4B-00C04F79EFBC}") = "CARET_FOOTPRINT", "CARET_FOOTPRINT\CARET_FOOTPRINT.csproj", "{715E5639-C023-464E-B003-57A1F0DED4EB}"
EndProject
Global
	GlobalSection(SolutionConfigurationPlatforms) = preSolution
		Debug|Any CPU = Debug|Any CPU
		Debug|x64 = Debug|x64
		Release|Any CPU = Release|Any CPU
		Release|x64 = Release|x64
	EndGlobalSection
	GlobalSection(ProjectConfigurationPlatforms) = postSolution
		{715E5639-C023-464E-B003-57A1F0DED4EB}.Debug|Any CPU.ActiveCfg = Debug|Any CPU
		{715E5639-C023-464E-B003-57A1F0DED4EB}.Debug|Any CPU.Build.0 = Debug|Any CPU
		{715E5639-C023-464E-B003-57A1F0DED4EB}.Debug|x64.ActiveCfg = Debug|x64
		{715E5639-C023-464E-B003-57A1F0DED4EB}.Debug|x64.Build.0 = Debug|x64
		{715E5639-C023-464E-B003-57A1F0DED4EB}.Release|Any CPU.ActiveCfg = Release|Any CPU
		{715E5639-C023-464E-B003-57A1F0DED4EB}.Release|Any CPU.Build.0 = Release|Any CPU
		{715E5639-C023-464E-B003-57A1F0DED4EB}.Release|x64.ActiveCfg = Release|x64
		{715E5639-C023-464E-B003-57A1F0DED4EB}.Release|x64.Build.0 = Release|x64
	EndGlobalSection
	GlobalSection(SolutionProperties) = preSolution
		HideSolutionNode = FALSE
	EndGlobalSection
	GlobalSection(ExtensibilityGlobals) = postSolution
		SolutionGuid = {0DDEFFAF-6604-4941-9DD7-684E7FF81DE6}
	EndGlobalSection
EndGlobal
