
Microsoft Visual Studio Solution File, Format Version 12.00
# Visual Studio Version 16
VisualStudioVersion = 16.0.30320.27
MinimumVisualStudioVersion = 10.0.40219.1
Project("{FAE04EC0-301F-11D3-BF4B-00C04F79EFBC}") = "START", "START\START.csproj", "{51B40963-F75E-4CB8-96CF-F0D31E2C6FF7}"
EndProject
Global
	GlobalSection(SolutionConfigurationPlatforms) = preSolution
		Debug|Any CPU = Debug|Any CPU
		Debug|x64 = Debug|x64
		Release|Any CPU = Release|Any CPU
		Release|x64 = Release|x64
	EndGlobalSection
	GlobalSection(ProjectConfigurationPlatforms) = postSolution
		{51B40963-F75E-4CB8-96CF-F0D31E2C6FF7}.Debug|Any CPU.ActiveCfg = Debug|Any CPU
		{51B40963-F75E-4CB8-96CF-F0D31E2C6FF7}.Debug|Any CPU.Build.0 = Debug|Any CPU
		{51B40963-F75E-4CB8-96CF-F0D31E2C6FF7}.Debug|x64.ActiveCfg = Debug|x64
		{51B40963-F75E-4CB8-96CF-F0D31E2C6FF7}.Debug|x64.Build.0 = Debug|x64
		{51B40963-F75E-4CB8-96CF-F0D31E2C6FF7}.Release|Any CPU.ActiveCfg = Release|Any CPU
		{51B40963-F75E-4CB8-96CF-F0D31E2C6FF7}.Release|Any CPU.Build.0 = Release|Any CPU
		{51B40963-F75E-4CB8-96CF-F0D31E2C6FF7}.Release|x64.ActiveCfg = Release|x64
		{51B40963-F75E-4CB8-96CF-F0D31E2C6FF7}.Release|x64.Build.0 = Release|x64
	EndGlobalSection
	GlobalSection(SolutionProperties) = preSolution
		HideSolutionNode = FALSE
	EndGlobalSection
	GlobalSection(ExtensibilityGlobals) = postSolution
		SolutionGuid = {F477C192-529F-45DD-9205-6E2C25A2D815}
	EndGlobalSection
EndGlobal
