
Microsoft Visual Studio Solution File, Format Version 12.00
# Visual Studio Version 16
VisualStudioVersion = 16.0.30320.27
MinimumVisualStudioVersion = 10.0.40219.1
Project("{FAE04EC0-301F-11D3-BF4B-00C04F79EFBC}") = "COPY", "COPY\COPY.csproj", "{265C7426-0B1C-4C43-BD4E-1A4BA3F4531F}"
EndProject
Global
	GlobalSection(SolutionConfigurationPlatforms) = preSolution
		Debug|Any CPU = Debug|Any CPU
		Debug|x64 = Debug|x64
		Release|Any CPU = Release|Any CPU
		Release|x64 = Release|x64
	EndGlobalSection
	GlobalSection(ProjectConfigurationPlatforms) = postSolution
		{265C7426-0B1C-4C43-BD4E-1A4BA3F4531F}.Debug|Any CPU.ActiveCfg = Debug|Any CPU
		{265C7426-0B1C-4C43-BD4E-1A4BA3F4531F}.Debug|Any CPU.Build.0 = Debug|Any CPU
		{265C7426-0B1C-4C43-BD4E-1A4BA3F4531F}.Debug|x64.ActiveCfg = Debug|x64
		{265C7426-0B1C-4C43-BD4E-1A4BA3F4531F}.Debug|x64.Build.0 = Debug|x64
		{265C7426-0B1C-4C43-BD4E-1A4BA3F4531F}.Release|Any CPU.ActiveCfg = Release|Any CPU
		{265C7426-0B1C-4C43-BD4E-1A4BA3F4531F}.Release|Any CPU.Build.0 = Release|Any CPU
		{265C7426-0B1C-4C43-BD4E-1A4BA3F4531F}.Release|x64.ActiveCfg = Release|x64
		{265C7426-0B1C-4C43-BD4E-1A4BA3F4531F}.Release|x64.Build.0 = Release|x64
	EndGlobalSection
	GlobalSection(SolutionProperties) = preSolution
		HideSolutionNode = FALSE
	EndGlobalSection
	GlobalSection(ExtensibilityGlobals) = postSolution
		SolutionGuid = {0A361979-AC7D-4FBB-8EB5-2E3AD18AE1FE}
	EndGlobalSection
EndGlobal
