
Microsoft Visual Studio Solution File, Format Version 12.00
# Visual Studio Version 16
VisualStudioVersion = 16.0.30503.244
MinimumVisualStudioVersion = 10.0.40219.1
Project("{FAE04EC0-301F-11D3-BF4B-00C04F79EFBC}") = "CSK", "CSK\CSK.csproj", "{6F7E3E15-BEB6-4FDA-8105-70B5D10DA9AA}"
EndProject
Global
	GlobalSection(SolutionConfigurationPlatforms) = preSolution
		Debug|Any CPU = Debug|Any CPU
		Debug|x64 = Debug|x64
		Release|Any CPU = Release|Any CPU
		Release|x64 = Release|x64
	EndGlobalSection
	GlobalSection(ProjectConfigurationPlatforms) = postSolution
		{6F7E3E15-BEB6-4FDA-8105-70B5D10DA9AA}.Debug|Any CPU.ActiveCfg = Debug|Any CPU
		{6F7E3E15-BEB6-4FDA-8105-70B5D10DA9AA}.Debug|Any CPU.Build.0 = Debug|Any CPU
		{6F7E3E15-BEB6-4FDA-8105-70B5D10DA9AA}.Debug|x64.ActiveCfg = Debug|x64
		{6F7E3E15-BEB6-4FDA-8105-70B5D10DA9AA}.Debug|x64.Build.0 = Debug|x64
		{6F7E3E15-BEB6-4FDA-8105-70B5D10DA9AA}.Release|Any CPU.ActiveCfg = Release|Any CPU
		{6F7E3E15-BEB6-4FDA-8105-70B5D10DA9AA}.Release|Any CPU.Build.0 = Release|Any CPU
		{6F7E3E15-BEB6-4FDA-8105-70B5D10DA9AA}.Release|x64.ActiveCfg = Release|x64
		{6F7E3E15-BEB6-4FDA-8105-70B5D10DA9AA}.Release|x64.Build.0 = Release|x64
	EndGlobalSection
	GlobalSection(SolutionProperties) = preSolution
		HideSolutionNode = FALSE
	EndGlobalSection
	GlobalSection(ExtensibilityGlobals) = postSolution
		SolutionGuid = {17AFFC16-1459-49F4-BC14-80DFBE048564}
	EndGlobalSection
EndGlobal
