
Microsoft Visual Studio Solution File, Format Version 12.00
# Visual Studio Version 16
VisualStudioVersion = 16.0.30320.27
MinimumVisualStudioVersion = 10.0.40219.1
Project("{FAE04EC0-301F-11D3-BF4B-00C04F79EFBC}") = "RENAME", "RENAME\RENAME.csproj", "{BD9031BF-DA62-4417-9766-73015B9589FA}"
EndProject
Global
	GlobalSection(SolutionConfigurationPlatforms) = preSolution
		Debug|Any CPU = Debug|Any CPU
		Debug|x64 = Debug|x64
		Release|Any CPU = Release|Any CPU
		Release|x64 = Release|x64
	EndGlobalSection
	GlobalSection(ProjectConfigurationPlatforms) = postSolution
		{BD9031BF-DA62-4417-9766-73015B9589FA}.Debug|Any CPU.ActiveCfg = Debug|Any CPU
		{BD9031BF-DA62-4417-9766-73015B9589FA}.Debug|Any CPU.Build.0 = Debug|Any CPU
		{BD9031BF-DA62-4417-9766-73015B9589FA}.Debug|x64.ActiveCfg = Debug|x64
		{BD9031BF-DA62-4417-9766-73015B9589FA}.Debug|x64.Build.0 = Debug|x64
		{BD9031BF-DA62-4417-9766-73015B9589FA}.Release|Any CPU.ActiveCfg = Release|Any CPU
		{BD9031BF-DA62-4417-9766-73015B9589FA}.Release|Any CPU.Build.0 = Release|Any CPU
		{BD9031BF-DA62-4417-9766-73015B9589FA}.Release|x64.ActiveCfg = Release|x64
		{BD9031BF-DA62-4417-9766-73015B9589FA}.Release|x64.Build.0 = Release|x64
	EndGlobalSection
	GlobalSection(SolutionProperties) = preSolution
		HideSolutionNode = FALSE
	EndGlobalSection
	GlobalSection(ExtensibilityGlobals) = postSolution
		SolutionGuid = {88B2A3AD-A29D-4292-A811-2A895A587341}
	EndGlobalSection
EndGlobal
