
Microsoft Visual Studio Solution File, Format Version 12.00
# Visual Studio Version 16
VisualStudioVersion = 16.0.30503.244
MinimumVisualStudioVersion = 10.0.40219.1
Project("{FAE04EC0-301F-11D3-BF4B-00C04F79EFBC}") = "VAL_MAKE", "VAL_MAKE\VAL_MAKE.csproj", "{7323311C-5796-4BD4-B085-B27D0281A981}"
EndProject
Global
	GlobalSection(SolutionConfigurationPlatforms) = preSolution
		Debug|Any CPU = Debug|Any CPU
		Debug|x64 = Debug|x64
		Release|Any CPU = Release|Any CPU
		Release|x64 = Release|x64
	EndGlobalSection
	GlobalSection(ProjectConfigurationPlatforms) = postSolution
		{7323311C-5796-4BD4-B085-B27D0281A981}.Debug|Any CPU.ActiveCfg = Debug|Any CPU
		{7323311C-5796-4BD4-B085-B27D0281A981}.Debug|Any CPU.Build.0 = Debug|Any CPU
		{7323311C-5796-4BD4-B085-B27D0281A981}.Debug|x64.ActiveCfg = Debug|x64
		{7323311C-5796-4BD4-B085-B27D0281A981}.Debug|x64.Build.0 = Debug|x64
		{7323311C-5796-4BD4-B085-B27D0281A981}.Release|Any CPU.ActiveCfg = Release|Any CPU
		{7323311C-5796-4BD4-B085-B27D0281A981}.Release|Any CPU.Build.0 = Release|Any CPU
		{7323311C-5796-4BD4-B085-B27D0281A981}.Release|x64.ActiveCfg = Release|x64
		{7323311C-5796-4BD4-B085-B27D0281A981}.Release|x64.Build.0 = Release|x64
	EndGlobalSection
	GlobalSection(SolutionProperties) = preSolution
		HideSolutionNode = FALSE
	EndGlobalSection
	GlobalSection(ExtensibilityGlobals) = postSolution
		SolutionGuid = {15EEED3E-307A-40B1-81EA-C4B4B22CD685}
	EndGlobalSection
EndGlobal
